# THIS IS AN AUTOGENERATED FILE. DO NOT EDIT THIS FILE DIRECTLY.
# yarn lockfile v1


yox@^1.0.0-alpha.88:
  version "1.0.0-alpha.88"
  resolved "https://registry.npmjs.org/yox/-/yox-1.0.0-alpha.88.tgz#a54dd52c247b12f9668111271a19ad5d7eb7378a"
  integrity sha512-XEEfYsKNg6F15nkjgMEOoqqF6gzpAufUQ9mcTxEsOOaNap5IN7b3w7MSXIpf7BrXBwTmaEzwZ5+6AzgUS3a6nQ==
