# THIS IS AN AUTOGENERATED FILE. DO NOT EDIT THIS FILE DIRECTLY.
# yarn lockfile v1


yox@^1.0.0-alpha.86:
  version "1.0.0-alpha.86"
  resolved "https://registry.npmjs.org/yox/-/yox-1.0.0-alpha.86.tgz#f018824ba031a005865c08c4d8592eb0a848e212"
  integrity sha512-N9vKpGIQ8dLGefDy+h7uR32m89aQEDRIfJTJ03/T3ZFHMX7Ys9npFITqCtW7JNzFykCO2EMvqXUuVn5zvMMdbw==
